
Microsoft Visual Studio Solution File, Format Version 12.00
# Visual Studio Version 17
VisualStudioVersion = 17.6.33815.320
MinimumVisualStudioVersion = 10.0.40219.1
Project("{8BC9CEB8-8B4A-11D0-8D11-00A0C91BC942}") = "test10", "test10\test10.vcxproj", "{7143BF36-8CD0-4BE8-B1F4-3944D749B58C}"
EndProject
Global
	GlobalSection(SolutionConfigurationPlatforms) = preSolution
		Debug|x64 = Debug|x64
		Debug|x86 = Debug|x86
		Release|x64 = Release|x64
		Release|x86 = Release|x86
	EndGlobalSection
	GlobalSection(ProjectConfigurationPlatforms) = postSolution
		{7143BF36-8CD0-4BE8-B1F4-3944D749B58C}.Debug|x64.ActiveCfg = Debug|x64
		{7143BF36-8CD0-4BE8-B1F4-3944D749B58C}.Debug|x64.Build.0 = Debug|x64
		{7143BF36-8CD0-4BE8-B1F4-3944D749B58C}.Debug|x86.ActiveCfg = Debug|Win32
		{7143BF36-8CD0-4BE8-B1F4-3944D749B58C}.Debug|x86.Build.0 = Debug|Win32
		{7143BF36-8CD0-4BE8-B1F4-3944D749B58C}.Release|x64.ActiveCfg = Release|x64
		{7143BF36-8CD0-4BE8-B1F4-3944D749B58C}.Release|x64.Build.0 = Release|x64
		{7143BF36-8CD0-4BE8-B1F4-3944D749B58C}.Release|x86.ActiveCfg = Release|Win32
		{7143BF36-8CD0-4BE8-B1F4-3944D749B58C}.Release|x86.Build.0 = Release|Win32
	EndGlobalSection
	GlobalSection(SolutionProperties) = preSolution
		HideSolutionNode = FALSE
	EndGlobalSection
	GlobalSection(ExtensibilityGlobals) = postSolution
		SolutionGuid = {A2639A4A-D2D6-448A-AF86-E8306F391186}
	EndGlobalSection
EndGlobal
